
Microsoft Visual Studio Solution File, Format Version 12.00
# Visual Studio Version 17
VisualStudioVersion = 17.0.31903.59
MinimumVisualStudioVersion = 10.0.40219.1
Project("{FAE04EC0-301F-11D3-BF4B-00C04F79EFBC}") = "dien-may-long-bien", "dien-may-long-bien\dien-may-long-bien.csproj", "{640AA008-1D82-4FB4-BC19-3535E1D28957}"
EndProject
Global
	GlobalSection(SolutionConfigurationPlatforms) = preSolution
		Debug|Any CPU = Debug|Any CPU
		Release|Any CPU = Release|Any CPU
	EndGlobalSection
	GlobalSection(SolutionProperties) = preSolution
		HideSolutionNode = FALSE
	EndGlobalSection
	GlobalSection(ProjectConfigurationPlatforms) = postSolution
		{640AA008-1D82-4FB4-BC19-3535E1D28957}.Debug|Any CPU.ActiveCfg = Debug|Any CPU
		{640AA008-1D82-4FB4-BC19-3535E1D28957}.Debug|Any CPU.Build.0 = Debug|Any CPU
		{640AA008-1D82-4FB4-BC19-3535E1D28957}.Release|Any CPU.ActiveCfg = Release|Any CPU
		{640AA008-1D82-4FB4-BC19-3535E1D28957}.Release|Any CPU.Build.0 = Release|Any CPU
	EndGlobalSection
EndGlobal
